
Microsoft Visual Studio Solution File, Format Version 12.00
# Visual Studio Version 17
VisualStudioVersion = 17.5.2.0
MinimumVisualStudioVersion = 10.0.40219.1
Project("{FAE04EC0-301F-11D3-BF4B-00C04F79EFBC}") = "Lockb0xCli", "Lockb0xCli\Lockb0xCli.csproj", "{799FC0B0-7768-5EE1-CC6C-F2AD1769C2E9}"
EndProject
Project("{FAE04EC0-301F-11D3-BF4B-00C04F79EFBC}") = "Lockb0x.Core", "Lockb0x.Core\Lockb0x.Core.csproj", "{65E6DE52-05B0-4251-96C8-0F921233586D}"
EndProject
Project("{FAE04EC0-301F-11D3-BF4B-00C04F79EFBC}") = "Lockb0x.Storage", "Lockb0x.Storage\Lockb0x.Storage.csproj", "{11C35DDC-319B-4F42-BBA6-2A2BF6CDC340}"
EndProject
Project("{FAE04EC0-301F-11D3-BF4B-00C04F79EFBC}") = "Lockb0x.Signing", "Lockb0x.Signing\Lockb0x.Signing.csproj", "{E46EB2CD-A8BB-411F-8D67-204B5DBA9C54}"
EndProject
Project("{FAE04EC0-301F-11D3-BF4B-00C04F79EFBC}") = "Lockb0x.Anchor.Stellar", "Lockb0x.Anchor.Stellar\Lockb0x.Anchor.Stellar.csproj", "{43C93B68-11E5-454C-9662-0379FD30F5EA}"
EndProject
Project("{FAE04EC0-301F-11D3-BF4B-00C04F79EFBC}") = "Lockb0x.Verifier", "Lockb0x.Verifier\Lockb0x.Verifier.csproj", "{78054518-ADB9-491C-9F97-A85053D62F6C}"
EndProject
Project("{FAE04EC0-301F-11D3-BF4B-00C04F79EFBC}") = "Lockb0x.Certificates", "Lockb0x.Certificates\Lockb0x.Certificates.csproj", "{C0CC1969-E685-4C9E-AC8E-E1C97B87BC56}"
EndProject
Project("{FAE04EC0-301F-11D3-BF4B-00C04F79EFBC}") = "Lockb0x.Api", "Lockb0x.Api\Lockb0x.Api.csproj", "{4099B9A6-911B-4451-A7C9-7844B0FBD52C}"
EndProject
Project("{FAE04EC0-301F-11D3-BF4B-00C04F79EFBC}") = "Lockb0x.Tests", "Lockb0x.Tests\Lockb0x.Tests.csproj", "{24CCEDE2-B171-4100-B06E-6FCA66EE0F49}"
EndProject
Global
	GlobalSection(SolutionConfigurationPlatforms) = preSolution
		Debug|Any CPU = Debug|Any CPU
		Debug|x64 = Debug|x64
		Debug|x86 = Debug|x86
		Release|Any CPU = Release|Any CPU
		Release|x64 = Release|x64
		Release|x86 = Release|x86
	EndGlobalSection
	GlobalSection(ProjectConfigurationPlatforms) = postSolution
		{799FC0B0-7768-5EE1-CC6C-F2AD1769C2E9}.Debug|Any CPU.ActiveCfg = Debug|Any CPU
		{799FC0B0-7768-5EE1-CC6C-F2AD1769C2E9}.Debug|Any CPU.Build.0 = Debug|Any CPU
		{799FC0B0-7768-5EE1-CC6C-F2AD1769C2E9}.Debug|x64.ActiveCfg = Debug|Any CPU
		{799FC0B0-7768-5EE1-CC6C-F2AD1769C2E9}.Debug|x64.Build.0 = Debug|Any CPU
		{799FC0B0-7768-5EE1-CC6C-F2AD1769C2E9}.Debug|x86.ActiveCfg = Debug|Any CPU
		{799FC0B0-7768-5EE1-CC6C-F2AD1769C2E9}.Debug|x86.Build.0 = Debug|Any CPU
		{799FC0B0-7768-5EE1-CC6C-F2AD1769C2E9}.Release|Any CPU.ActiveCfg = Release|Any CPU
		{799FC0B0-7768-5EE1-CC6C-F2AD1769C2E9}.Release|Any CPU.Build.0 = Release|Any CPU
		{799FC0B0-7768-5EE1-CC6C-F2AD1769C2E9}.Release|x64.ActiveCfg = Release|Any CPU
		{799FC0B0-7768-5EE1-CC6C-F2AD1769C2E9}.Release|x64.Build.0 = Release|Any CPU
		{799FC0B0-7768-5EE1-CC6C-F2AD1769C2E9}.Release|x86.ActiveCfg = Release|Any CPU
		{799FC0B0-7768-5EE1-CC6C-F2AD1769C2E9}.Release|x86.Build.0 = Release|Any CPU
		{65E6DE52-05B0-4251-96C8-0F921233586D}.Debug|Any CPU.ActiveCfg = Debug|Any CPU
		{65E6DE52-05B0-4251-96C8-0F921233586D}.Debug|Any CPU.Build.0 = Debug|Any CPU
		{65E6DE52-05B0-4251-96C8-0F921233586D}.Debug|x64.ActiveCfg = Debug|Any CPU
		{65E6DE52-05B0-4251-96C8-0F921233586D}.Debug|x64.Build.0 = Debug|Any CPU
		{65E6DE52-05B0-4251-96C8-0F921233586D}.Debug|x86.ActiveCfg = Debug|Any CPU
		{65E6DE52-05B0-4251-96C8-0F921233586D}.Debug|x86.Build.0 = Debug|Any CPU
		{65E6DE52-05B0-4251-96C8-0F921233586D}.Release|Any CPU.ActiveCfg = Release|Any CPU
		{65E6DE52-05B0-4251-96C8-0F921233586D}.Release|Any CPU.Build.0 = Release|Any CPU
		{65E6DE52-05B0-4251-96C8-0F921233586D}.Release|x64.ActiveCfg = Release|Any CPU
		{65E6DE52-05B0-4251-96C8-0F921233586D}.Release|x64.Build.0 = Release|Any CPU
		{65E6DE52-05B0-4251-96C8-0F921233586D}.Release|x86.ActiveCfg = Release|Any CPU
		{65E6DE52-05B0-4251-96C8-0F921233586D}.Release|x86.Build.0 = Release|Any CPU
		{11C35DDC-319B-4F42-BBA6-2A2BF6CDC340}.Debug|Any CPU.ActiveCfg = Debug|Any CPU
		{11C35DDC-319B-4F42-BBA6-2A2BF6CDC340}.Debug|Any CPU.Build.0 = Debug|Any CPU
		{11C35DDC-319B-4F42-BBA6-2A2BF6CDC340}.Debug|x64.ActiveCfg = Debug|Any CPU
		{11C35DDC-319B-4F42-BBA6-2A2BF6CDC340}.Debug|x64.Build.0 = Debug|Any CPU
		{11C35DDC-319B-4F42-BBA6-2A2BF6CDC340}.Debug|x86.ActiveCfg = Debug|Any CPU
		{11C35DDC-319B-4F42-BBA6-2A2BF6CDC340}.Debug|x86.Build.0 = Debug|Any CPU
		{11C35DDC-319B-4F42-BBA6-2A2BF6CDC340}.Release|Any CPU.ActiveCfg = Release|Any CPU
		{11C35DDC-319B-4F42-BBA6-2A2BF6CDC340}.Release|Any CPU.Build.0 = Release|Any CPU
		{11C35DDC-319B-4F42-BBA6-2A2BF6CDC340}.Release|x64.ActiveCfg = Release|Any CPU
		{11C35DDC-319B-4F42-BBA6-2A2BF6CDC340}.Release|x64.Build.0 = Release|Any CPU
		{11C35DDC-319B-4F42-BBA6-2A2BF6CDC340}.Release|x86.ActiveCfg = Release|Any CPU
		{11C35DDC-319B-4F42-BBA6-2A2BF6CDC340}.Release|x86.Build.0 = Release|Any CPU
		{E46EB2CD-A8BB-411F-8D67-204B5DBA9C54}.Debug|Any CPU.ActiveCfg = Debug|Any CPU
		{E46EB2CD-A8BB-411F-8D67-204B5DBA9C54}.Debug|Any CPU.Build.0 = Debug|Any CPU
		{E46EB2CD-A8BB-411F-8D67-204B5DBA9C54}.Debug|x64.ActiveCfg = Debug|Any CPU
		{E46EB2CD-A8BB-411F-8D67-204B5DBA9C54}.Debug|x64.Build.0 = Debug|Any CPU
		{E46EB2CD-A8BB-411F-8D67-204B5DBA9C54}.Debug|x86.ActiveCfg = Debug|Any CPU
		{E46EB2CD-A8BB-411F-8D67-204B5DBA9C54}.Debug|x86.Build.0 = Debug|Any CPU
		{E46EB2CD-A8BB-411F-8D67-204B5DBA9C54}.Release|Any CPU.ActiveCfg = Release|Any CPU
		{E46EB2CD-A8BB-411F-8D67-204B5DBA9C54}.Release|Any CPU.Build.0 = Release|Any CPU
		{E46EB2CD-A8BB-411F-8D67-204B5DBA9C54}.Release|x64.ActiveCfg = Release|Any CPU
		{E46EB2CD-A8BB-411F-8D67-204B5DBA9C54}.Release|x64.Build.0 = Release|Any CPU
		{E46EB2CD-A8BB-411F-8D67-204B5DBA9C54}.Release|x86.ActiveCfg = Release|Any CPU
		{E46EB2CD-A8BB-411F-8D67-204B5DBA9C54}.Release|x86.Build.0 = Release|Any CPU
		{43C93B68-11E5-454C-9662-0379FD30F5EA}.Debug|Any CPU.ActiveCfg = Debug|Any CPU
		{43C93B68-11E5-454C-9662-0379FD30F5EA}.Debug|Any CPU.Build.0 = Debug|Any CPU
		{43C93B68-11E5-454C-9662-0379FD30F5EA}.Debug|x64.ActiveCfg = Debug|Any CPU
		{43C93B68-11E5-454C-9662-0379FD30F5EA}.Debug|x64.Build.0 = Debug|Any CPU
		{43C93B68-11E5-454C-9662-0379FD30F5EA}.Debug|x86.ActiveCfg = Debug|Any CPU
		{43C93B68-11E5-454C-9662-0379FD30F5EA}.Debug|x86.Build.0 = Debug|Any CPU
		{43C93B68-11E5-454C-9662-0379FD30F5EA}.Release|Any CPU.ActiveCfg = Release|Any CPU
		{43C93B68-11E5-454C-9662-0379FD30F5EA}.Release|Any CPU.Build.0 = Release|Any CPU
		{43C93B68-11E5-454C-9662-0379FD30F5EA}.Release|x64.ActiveCfg = Release|Any CPU
		{43C93B68-11E5-454C-9662-0379FD30F5EA}.Release|x64.Build.0 = Release|Any CPU
		{43C93B68-11E5-454C-9662-0379FD30F5EA}.Release|x86.ActiveCfg = Release|Any CPU
		{43C93B68-11E5-454C-9662-0379FD30F5EA}.Release|x86.Build.0 = Release|Any CPU
		{78054518-ADB9-491C-9F97-A85053D62F6C}.Debug|Any CPU.ActiveCfg = Debug|Any CPU
		{78054518-ADB9-491C-9F97-A85053D62F6C}.Debug|Any CPU.Build.0 = Debug|Any CPU
		{78054518-ADB9-491C-9F97-A85053D62F6C}.Debug|x64.ActiveCfg = Debug|Any CPU
		{78054518-ADB9-491C-9F97-A85053D62F6C}.Debug|x64.Build.0 = Debug|Any CPU
		{78054518-ADB9-491C-9F97-A85053D62F6C}.Debug|x86.ActiveCfg = Debug|Any CPU
		{78054518-ADB9-491C-9F97-A85053D62F6C}.Debug|x86.Build.0 = Debug|Any CPU
		{78054518-ADB9-491C-9F97-A85053D62F6C}.Release|Any CPU.ActiveCfg = Release|Any CPU
		{78054518-ADB9-491C-9F97-A85053D62F6C}.Release|Any CPU.Build.0 = Release|Any CPU
		{78054518-ADB9-491C-9F97-A85053D62F6C}.Release|x64.ActiveCfg = Release|Any CPU
		{78054518-ADB9-491C-9F97-A85053D62F6C}.Release|x64.Build.0 = Release|Any CPU
		{78054518-ADB9-491C-9F97-A85053D62F6C}.Release|x86.ActiveCfg = Release|Any CPU
		{78054518-ADB9-491C-9F97-A85053D62F6C}.Release|x86.Build.0 = Release|Any CPU
		{C0CC1969-E685-4C9E-AC8E-E1C97B87BC56}.Debug|Any CPU.ActiveCfg = Debug|Any CPU
		{C0CC1969-E685-4C9E-AC8E-E1C97B87BC56}.Debug|Any CPU.Build.0 = Debug|Any CPU
		{C0CC1969-E685-4C9E-AC8E-E1C97B87BC56}.Debug|x64.ActiveCfg = Debug|Any CPU
		{C0CC1969-E685-4C9E-AC8E-E1C97B87BC56}.Debug|x64.Build.0 = Debug|Any CPU
		{C0CC1969-E685-4C9E-AC8E-E1C97B87BC56}.Debug|x86.ActiveCfg = Debug|Any CPU
		{C0CC1969-E685-4C9E-AC8E-E1C97B87BC56}.Debug|x86.Build.0 = Debug|Any CPU
		{C0CC1969-E685-4C9E-AC8E-E1C97B87BC56}.Release|Any CPU.ActiveCfg = Release|Any CPU
		{C0CC1969-E685-4C9E-AC8E-E1C97B87BC56}.Release|Any CPU.Build.0 = Release|Any CPU
		{C0CC1969-E685-4C9E-AC8E-E1C97B87BC56}.Release|x64.ActiveCfg = Release|Any CPU
		{C0CC1969-E685-4C9E-AC8E-E1C97B87BC56}.Release|x64.Build.0 = Release|Any CPU
		{C0CC1969-E685-4C9E-AC8E-E1C97B87BC56}.Release|x86.ActiveCfg = Release|Any CPU
		{C0CC1969-E685-4C9E-AC8E-E1C97B87BC56}.Release|x86.Build.0 = Release|Any CPU
		{4099B9A6-911B-4451-A7C9-7844B0FBD52C}.Debug|Any CPU.ActiveCfg = Debug|Any CPU
		{4099B9A6-911B-4451-A7C9-7844B0FBD52C}.Debug|Any CPU.Build.0 = Debug|Any CPU
		{4099B9A6-911B-4451-A7C9-7844B0FBD52C}.Debug|x64.ActiveCfg = Debug|Any CPU
		{4099B9A6-911B-4451-A7C9-7844B0FBD52C}.Debug|x64.Build.0 = Debug|Any CPU
		{4099B9A6-911B-4451-A7C9-7844B0FBD52C}.Debug|x86.ActiveCfg = Debug|Any CPU
		{4099B9A6-911B-4451-A7C9-7844B0FBD52C}.Debug|x86.Build.0 = Debug|Any CPU
		{4099B9A6-911B-4451-A7C9-7844B0FBD52C}.Release|Any CPU.ActiveCfg = Release|Any CPU
		{4099B9A6-911B-4451-A7C9-7844B0FBD52C}.Release|Any CPU.Build.0 = Release|Any CPU
		{4099B9A6-911B-4451-A7C9-7844B0FBD52C}.Release|x64.ActiveCfg = Release|Any CPU
		{4099B9A6-911B-4451-A7C9-7844B0FBD52C}.Release|x64.Build.0 = Release|Any CPU
		{4099B9A6-911B-4451-A7C9-7844B0FBD52C}.Release|x86.ActiveCfg = Release|Any CPU
		{4099B9A6-911B-4451-A7C9-7844B0FBD52C}.Release|x86.Build.0 = Release|Any CPU
		{24CCEDE2-B171-4100-B06E-6FCA66EE0F49}.Debug|Any CPU.ActiveCfg = Debug|Any CPU
		{24CCEDE2-B171-4100-B06E-6FCA66EE0F49}.Debug|Any CPU.Build.0 = Debug|Any CPU
		{24CCEDE2-B171-4100-B06E-6FCA66EE0F49}.Debug|x64.ActiveCfg = Debug|Any CPU
		{24CCEDE2-B171-4100-B06E-6FCA66EE0F49}.Debug|x64.Build.0 = Debug|Any CPU
		{24CCEDE2-B171-4100-B06E-6FCA66EE0F49}.Debug|x86.ActiveCfg = Debug|Any CPU
		{24CCEDE2-B171-4100-B06E-6FCA66EE0F49}.Debug|x86.Build.0 = Debug|Any CPU
		{24CCEDE2-B171-4100-B06E-6FCA66EE0F49}.Release|Any CPU.ActiveCfg = Release|Any CPU
		{24CCEDE2-B171-4100-B06E-6FCA66EE0F49}.Release|Any CPU.Build.0 = Release|Any CPU
		{24CCEDE2-B171-4100-B06E-6FCA66EE0F49}.Release|x64.ActiveCfg = Release|Any CPU
		{24CCEDE2-B171-4100-B06E-6FCA66EE0F49}.Release|x64.Build.0 = Release|Any CPU
		{24CCEDE2-B171-4100-B06E-6FCA66EE0F49}.Release|x86.ActiveCfg = Release|Any CPU
		{24CCEDE2-B171-4100-B06E-6FCA66EE0F49}.Release|x86.Build.0 = Release|Any CPU
	EndGlobalSection
	GlobalSection(SolutionProperties) = preSolution
		HideSolutionNode = FALSE
	EndGlobalSection
	GlobalSection(ExtensibilityGlobals) = postSolution
		SolutionGuid = {91686F90-8BE4-437D-80AD-C8B3D0EC1128}
	EndGlobalSection
EndGlobal
